
Microsoft Visual Studio Solution File, Format Version 12.00
# Visual Studio Version 16
VisualStudioVersion = 16.0.31605.320
MinimumVisualStudioVersion = 10.0.40219.1
Project("{FAE04EC0-301F-11D3-BF4B-00C04F79EFBC}") = "Secao15", "Secao15\Secao15.csproj", "{D4EBBB13-66E4-49A8-A2DC-092F14FF7D6B}"
EndProject
Global
	GlobalSection(SolutionConfigurationPlatforms) = preSolution
		Debug|Any CPU = Debug|Any CPU
		Release|Any CPU = Release|Any CPU
	EndGlobalSection
	GlobalSection(ProjectConfigurationPlatforms) = postSolution
		{D4EBBB13-66E4-49A8-A2DC-092F14FF7D6B}.Debug|Any CPU.ActiveCfg = Debug|Any CPU
		{D4EBBB13-66E4-49A8-A2DC-092F14FF7D6B}.Debug|Any CPU.Build.0 = Debug|Any CPU
		{D4EBBB13-66E4-49A8-A2DC-092F14FF7D6B}.Release|Any CPU.ActiveCfg = Release|Any CPU
		{D4EBBB13-66E4-49A8-A2DC-092F14FF7D6B}.Release|Any CPU.Build.0 = Release|Any CPU
	EndGlobalSection
	GlobalSection(SolutionProperties) = preSolution
		HideSolutionNode = FALSE
	EndGlobalSection
	GlobalSection(ExtensibilityGlobals) = postSolution
		SolutionGuid = {E47524C7-C77A-4085-B0C5-D8D845A76FE4}
	EndGlobalSection
EndGlobal
